Microsoft Visual Studio Solution File, Format Version 12.00
# Visual Studio Version 17
VisualStudioVersion = 17.0.31903.59
MinimumVisualStudioVersion = 10.0.40219.1
Project("{FAE04EC0-301F-11D3-BF4B-00C04F79EFBC}") = "textToImage.AppHost", "textToImage.AppHost\textToImage.AppHost.csproj", "{6F588EDA-3379-4041-A26B-98971F201CBB}"
EndProject
Project("{FAE04EC0-301F-11D3-BF4B-00C04F79EFBC}") = "textToImage.ServiceDefaults", "textToImage.ServiceDefaults\textToImage.ServiceDefaults.csproj", "{F58922E0-7F3C-42E8-A2D2-F9B74FD41FA2}"
EndProject
Project("{FAE04EC0-301F-11D3-BF4B-00C04F79EFBC}") = "textToImage.Web", "textToImage.Web\textToImage.Web.csproj", "{C04C293F-008C-4CDA-AF92-2F6379288FC1}"
EndProject
Project("{2150E333-8FDC-42A3-9474-1A3956D46DE8}") = "Solution Items", "Solution Items", "{8EC462FD-D22E-90A8-E5CE-7E832BA40C5D}"
	ProjectSection(SolutionItems) = preProject
		nuget.config = nuget.config
		README.md = README.md
	EndProjectSection
EndProject
Global
	GlobalSection(SolutionConfigurationPlatforms) = preSolution
		Debug|Any CPU = Debug|Any CPU
		Release|Any CPU = Release|Any CPU
	EndGlobalSection
	GlobalSection(ProjectConfigurationPlatforms) = postSolution
		{6F588EDA-3379-4041-A26B-98971F201CBB}.Debug|Any CPU.ActiveCfg = Debug|Any CPU
		{6F588EDA-3379-4041-A26B-98971F201CBB}.Debug|Any CPU.Build.0 = Debug|Any CPU
		{6F588EDA-3379-4041-A26B-98971F201CBB}.Release|Any CPU.ActiveCfg = Release|Any CPU
		{6F588EDA-3379-4041-A26B-98971F201CBB}.Release|Any CPU.Build.0 = Release|Any CPU
		{F58922E0-7F3C-42E8-A2D2-F9B74FD41FA2}.Debug|Any CPU.ActiveCfg = Debug|Any CPU
		{F58922E0-7F3C-42E8-A2D2-F9B74FD41FA2}.Debug|Any CPU.Build.0 = Debug|Any CPU
		{F58922E0-7F3C-42E8-A2D2-F9B74FD41FA2}.Release|Any CPU.ActiveCfg = Release|Any CPU
		{F58922E0-7F3C-42E8-A2D2-F9B74FD41FA2}.Release|Any CPU.Build.0 = Release|Any CPU
		{C04C293F-008C-4CDA-AF92-2F6379288FC1}.Debug|Any CPU.ActiveCfg = Debug|Any CPU
		{C04C293F-008C-4CDA-AF92-2F6379288FC1}.Debug|Any CPU.Build.0 = Debug|Any CPU
		{C04C293F-008C-4CDA-AF92-2F6379288FC1}.Release|Any CPU.ActiveCfg = Release|Any CPU
		{C04C293F-008C-4CDA-AF92-2F6379288FC1}.Release|Any CPU.Build.0 = Release|Any CPU
	EndGlobalSection
	GlobalSection(SolutionProperties) = preSolution
		HideSolutionNode = FALSE
	EndGlobalSection
	GlobalSection(ExtensibilityGlobals) = postSolution
		SolutionGuid = {8035455B-CF8C-4440-A025-81DC3CD36B07}
	EndGlobalSection
EndGlobal
